
Microsoft Visual Studio Solution File, Format Version 12.00
# Visual Studio 2012
Project("{FAE04EC0-301F-11D3-BF4B-00C04F79EFBC}") = "Gusev_ITMO_Lab7", "Gusev_ITMO_Lab7\Gusev_ITMO_Lab7.csproj", "{10ECC66D-1025-4946-A76A-7B54FFE3BA04}"
EndProject
Project("{FAE04EC0-301F-11D3-BF4B-00C04F79EFBC}") = "Gusev_ITMO_Lab7_2", "Gusev_ITMO_Lab7_2\Gusev_ITMO_Lab7_2.csproj", "{D52994E3-B8EC-4A46-8EC8-54FABE0B35F2}"
EndProject
Global
	GlobalSection(SolutionConfigurationPlatforms) = preSolution
		Debug|Any CPU = Debug|Any CPU
		Release|Any CPU = Release|Any CPU
	EndGlobalSection
	GlobalSection(ProjectConfigurationPlatforms) = postSolution
		{10ECC66D-1025-4946-A76A-7B54FFE3BA04}.Debug|Any CPU.ActiveCfg = Debug|Any CPU
		{10ECC66D-1025-4946-A76A-7B54FFE3BA04}.Debug|Any CPU.Build.0 = Debug|Any CPU
		{10ECC66D-1025-4946-A76A-7B54FFE3BA04}.Release|Any CPU.ActiveCfg = Release|Any CPU
		{10ECC66D-1025-4946-A76A-7B54FFE3BA04}.Release|Any CPU.Build.0 = Release|Any CPU
		{D52994E3-B8EC-4A46-8EC8-54FABE0B35F2}.Debug|Any CPU.ActiveCfg = Debug|Any CPU
		{D52994E3-B8EC-4A46-8EC8-54FABE0B35F2}.Debug|Any CPU.Build.0 = Debug|Any CPU
		{D52994E3-B8EC-4A46-8EC8-54FABE0B35F2}.Release|Any CPU.ActiveCfg = Release|Any CPU
		{D52994E3-B8EC-4A46-8EC8-54FABE0B35F2}.Release|Any CPU.Build.0 = Release|Any CPU
	EndGlobalSection
	GlobalSection(SolutionProperties) = preSolution
		HideSolutionNode = FALSE
	EndGlobalSection
EndGlobal
